
Microsoft Visual Studio Solution File, Format Version 12.00
# Visual Studio Version 16
VisualStudioVersion = 16.0.29215.179
MinimumVisualStudioVersion = 10.0.40219.1
Project("{FAE04EC0-301F-11D3-BF4B-00C04F79EFBC}") = "Luay test", "ConsoleApp10\Luay test.csproj", "{17DF8F45-35A5-4C6D-A80A-325CDFA47DEF}"
EndProject
Global
	GlobalSection(SolutionConfigurationPlatforms) = preSolution
		Debug|Any CPU = Debug|Any CPU
		Release|Any CPU = Release|Any CPU
	EndGlobalSection
	GlobalSection(ProjectConfigurationPlatforms) = postSolution
		{17DF8F45-35A5-4C6D-A80A-325CDFA47DEF}.Debug|Any CPU.ActiveCfg = Debug|Any CPU
		{17DF8F45-35A5-4C6D-A80A-325CDFA47DEF}.Debug|Any CPU.Build.0 = Debug|Any CPU
		{17DF8F45-35A5-4C6D-A80A-325CDFA47DEF}.Release|Any CPU.ActiveCfg = Release|Any CPU
		{17DF8F45-35A5-4C6D-A80A-325CDFA47DEF}.Release|Any CPU.Build.0 = Release|Any CPU
	EndGlobalSection
	GlobalSection(SolutionProperties) = preSolution
		HideSolutionNode = FALSE
	EndGlobalSection
	GlobalSection(ExtensibilityGlobals) = postSolution
		SolutionGuid = {8BE79502-87D8-444B-8C8F-1BD5E7F62E05}
	EndGlobalSection
EndGlobal
